
Microsoft Visual Studio Solution File, Format Version 12.00
# Visual Studio 14
VisualStudioVersion = 14.0.23107.0
MinimumVisualStudioVersion = 10.0.40219.1
Project("{FAE04EC0-301F-11D3-BF4B-00C04F79EFBC}") = "TripCalculator", "TripCalculator\TripCalculator.csproj", "{E713A4F5-E1D7-44A7-A1BD-593F2F4960B0}"
EndProject
Project("{FAE04EC0-301F-11D3-BF4B-00C04F79EFBC}") = "TripCalculator.Tests", "TripCalculator.Tests\TripCalculator.Tests.csproj", "{487BC1A5-4120-4975-920C-67F645C80282}"
EndProject
Global
	GlobalSection(SolutionConfigurationPlatforms) = preSolution
		Debug|Any CPU = Debug|Any CPU
		Release|Any CPU = Release|Any CPU
	EndGlobalSection
	GlobalSection(ProjectConfigurationPlatforms) = postSolution
		{E713A4F5-E1D7-44A7-A1BD-593F2F4960B0}.Debug|Any CPU.ActiveCfg = Debug|Any CPU
		{E713A4F5-E1D7-44A7-A1BD-593F2F4960B0}.Debug|Any CPU.Build.0 = Debug|Any CPU
		{E713A4F5-E1D7-44A7-A1BD-593F2F4960B0}.Release|Any CPU.ActiveCfg = Release|Any CPU
		{E713A4F5-E1D7-44A7-A1BD-593F2F4960B0}.Release|Any CPU.Build.0 = Release|Any CPU
		{487BC1A5-4120-4975-920C-67F645C80282}.Debug|Any CPU.ActiveCfg = Debug|Any CPU
		{487BC1A5-4120-4975-920C-67F645C80282}.Debug|Any CPU.Build.0 = Debug|Any CPU
		{487BC1A5-4120-4975-920C-67F645C80282}.Release|Any CPU.ActiveCfg = Release|Any CPU
		{487BC1A5-4120-4975-920C-67F645C80282}.Release|Any CPU.Build.0 = Release|Any CPU
	EndGlobalSection
	GlobalSection(SolutionProperties) = preSolution
		HideSolutionNode = FALSE
	EndGlobalSection
EndGlobal
